{
  "version": "5",
  "specifiers": {
    "npm:pnpm@*": "10.33.0"
  },
  "npm": {
    "pnpm@10.33.0": {
      "integrity": "sha512-EFaLtKavtYyes2MNqQzJUWQXq+vT+rvmc58K55VyjaFJHp21pUTHatjrdXD1xLs9bGN7LLQb/c20f6gjyGSTGQ==",
      "bin": true
    }
  },
  "workspace": {
    "dependencies": [
      "npm:fs-extra@*",
      "npm:sass@*"
    ],
    "packageJson": {
      "dependencies": [
        "npm:fs-extra@^11.4.0",
        "npm:sass@^1.102.0"
      ]
    }
  }
}
